Microsoft Visual Studio Solution File, Format Version 11.00
# Visual Studio 2008

Project("{32764795-80D7-286A-736A-61F50CA9E6B8}") = "Snake Redux", "Assembly-CSharp.csproj", "{E2592F4F-83B6-FC03-EF14-5779FB71E26C}"
EndProject
Global
	GlobalSection(SolutionConfigurationPlatforms) = preSolution
		Debug|Any CPU = Debug|Any CPU
		Release|Any CPU = Release|Any CPU
	EndGlobalSection
	GlobalSection(ProjectConfigurationPlatforms) = postSolution
		{E2592F4F-83B6-FC03-EF14-5779FB71E26C}.Debug|Any CPU.ActiveCfg = Debug|Any CPU
		{E2592F4F-83B6-FC03-EF14-5779FB71E26C}.Debug|Any CPU.Build.0 = Debug|Any CPU
		{E2592F4F-83B6-FC03-EF14-5779FB71E26C}.Release|Any CPU.ActiveCfg = Release|Any CPU
		{E2592F4F-83B6-FC03-EF14-5779FB71E26C}.Release|Any CPU.Build.0 = Release|Any CPU
	EndGlobalSection
	GlobalSection(SolutionProperties) = preSolution
		HideSolutionNode = FALSE
	EndGlobalSection
	GlobalSection(MonoDevelopProperties) = preSolution
		StartupItem = Assembly-CSharp.csproj
	EndGlobalSection
EndGlobal
